// !$*UTF8*$!
{
	archiveVersion = 1;
	classes = {
	};
	objectVersion = 55;
	objects = {

/* Begin PBXBuildFile section */
		C30B664228023ACD00B5D432 /* LemuQRApp.swift in Sources */ = {isa = PBXBuildFile; fileRef = C30B664128023ACD00B5D432 /* LemuQRApp.swift */; };
		C30B664428023ACD00B5D432 /* MainContentView.swift in Sources */ = {isa = PBXBuildFile; fileRef = C30B664328023ACD00B5D432 /* MainContentView.swift */; };
		C30B664628023AD000B5D432 /* Assets.xcassets in Resources */ = {isa = PBXBuildFile; fileRef = C30B664528023AD000B5D432 /* Assets.xcassets */; };
		C30B664928023AD000B5D432 /* Preview Assets.xcassets in Resources */ = {isa = PBXBuildFile; fileRef = C30B664828023AD000B5D432 /* Preview Assets.xcassets */; };
		C30B664D28023AD000B5D432 /* LemuQR.app in Embed Watch Content */ = {isa = PBXBuildFile; fileRef = C30B664C28023AD000B5D432 /* LemuQR.app */; platformFilter = ios; settings = {ATTRIBUTES = (RemoveHeadersOnCopy, ); }; };
		C30B665228023AD000B5D432 /* Assets.xcassets in Resources */ = {isa = PBXBuildFile; fileRef = C30B665128023AD000B5D432 /* Assets.xcassets */; };
		C30B665828023AD100B5D432 /* LemuQR WatchKit Extension.appex in Embed App Extensions */ = {isa = PBXBuildFile; fileRef = C30B665728023AD100B5D432 /* LemuQR WatchKit Extension.appex */; settings = {ATTRIBUTES = (RemoveHeadersOnCopy, ); }; };
		C30B665F28023AD100B5D432 /* LemuQRApp.swift in Sources */ = {isa = PBXBuildFile; fileRef = C30B665E28023AD100B5D432 /* LemuQRApp.swift */; };
		C30B666328023AD100B5D432 /* Assets.xcassets in Resources */ = {isa = PBXBuildFile; fileRef = C30B666228023AD100B5D432 /* Assets.xcassets */; };
		C30B666628023AD100B5D432 /* Preview Assets.xcassets in Resources */ = {isa = PBXBuildFile; fileRef = C30B666528023AD100B5D432 /* Preview Assets.xcassets */; };
		C3856E0B2830F22C00DDF435 /* CloudKit.framework in Frameworks */ = {isa = PBXBuildFile; fileRef = C3856E0A2830F22C00DDF435 /* CloudKit.framework */; };
		C3856E0E2830F47C00DDF435 /* CloudKit.framework in Frameworks */ = {isa = PBXBuildFile; fileRef = C3856E0D2830F47C00DDF435 /* CloudKit.framework */; };
		C3856E112830F79500DDF435 /* CoreDataManager.swift in Sources */ = {isa = PBXBuildFile; fileRef = C3856E102830F79500DDF435 /* CoreDataManager.swift */; };
		C3856E122830F79500DDF435 /* CoreDataManager.swift in Sources */ = {isa = PBXBuildFile; fileRef = C3856E102830F79500DDF435 /* CoreDataManager.swift */; };
		C3856E152830F84800DDF435 /* DataModel.xcdatamodeld in Sources */ = {isa = PBXBuildFile; fileRef = C3856E132830F84800DDF435 /* DataModel.xcdatamodeld */; };
		C3856E1F2830FDD400DDF435 /* QRCode+TestData.swift in Sources */ = {isa = PBXBuildFile; fileRef = C3856E1E2830FDD400DDF435 /* QRCode+TestData.swift */; };
		C3856E22283104E200DDF435 /* QRCodeValues.swift in Sources */ = {isa = PBXBuildFile; fileRef = C3856E21283104B400DDF435 /* QRCodeValues.swift */; };
		C3856E242831192100DDF435 /* MasterView.swift in Sources */ = {isa = PBXBuildFile; fileRef = C3856E232831192100DDF435 /* MasterView.swift */; };
		C3856E252831193D00DDF435 /* QRCodesViewModel.swift in Sources */ = {isa = PBXBuildFile; fileRef = C3C3FAAD282B88FE00637484 /* QRCodesViewModel.swift */; };
		C3856E272831195900DDF435 /* DetailView.swift in Sources */ = {isa = PBXBuildFile; fileRef = C3856E262831195900DDF435 /* DetailView.swift */; };
		C3856E282831199D00DDF435 /* QRCodeValues.swift in Sources */ = {isa = PBXBuildFile; fileRef = C3856E21283104B400DDF435 /* QRCodeValues.swift */; };
		C3856E2B28311C2100DDF435 /* RSBarcodes_Swift in Frameworks */ = {isa = PBXBuildFile; productRef = C3856E2A28311C2100DDF435 /* RSBarcodes_Swift */; };
		C3856E2F2831213700DDF435 /* QRCode+Image.swift in Sources */ = {isa = PBXBuildFile; fileRef = C3C3FABA282B8FF200637484 /* QRCode+Image.swift */; };
		C3856E3228312F1F00DDF435 /* SymbolPicker in Frameworks */ = {isa = PBXBuildFile; productRef = C3856E3128312F1F00DDF435 /* SymbolPicker */; };
		C3856E342831315900DDF435 /* Color+Encode.swift in Sources */ = {isa = PBXBuildFile; fileRef = C3856E332831315900DDF435 /* Color+Encode.swift */; };
		C3856E352831315900DDF435 /* Color+Encode.swift in Sources */ = {isa = PBXBuildFile; fileRef = C3856E332831315900DDF435 /* Color+Encode.swift */; };
		C3C3ECDD2838230600CC14D4 /* WidgetKit.framework in Frameworks */ = {isa = PBXBuildFile; fileRef = C3C3ECDC2838230600CC14D4 /* WidgetKit.framework */; };
		C3C3ECDF2838230600CC14D4 /* SwiftUI.framework in Frameworks */ = {isa = PBXBuildFile; fileRef = C3C3ECDE2838230600CC14D4 /* SwiftUI.framework */; };
		C3C3ECE22838230600CC14D4 /* LemuQR_Widget.swift in Sources */ = {isa = PBXBuildFile; fileRef = C3C3ECE12838230600CC14D4 /* LemuQR_Widget.swift */; };
		C3C3ECE52838230800CC14D4 /* Assets.xcassets in Resources */ = {isa = PBXBuildFile; fileRef = C3C3ECE42838230800CC14D4 /* Assets.xcassets */; };
		C3C3ECE72838230800CC14D4 /* LemuQR_Widget.intentdefinition in Sources */ = {isa = PBXBuildFile; fileRef = C3C3ECE32838230600CC14D4 /* LemuQR_Widget.intentdefinition */; };
		C3C3ECE82838230800CC14D4 /* LemuQR_Widget.intentdefinition in Sources */ = {isa = PBXBuildFile; fileRef = C3C3ECE32838230600CC14D4 /* LemuQR_Widget.intentdefinition */; };
		C3C3ECEB2838230800CC14D4 /* LemuQR WidgetExtension.appex in Embed App Extensions */ = {isa = PBXBuildFile; fileRef = C3C3ECDB2838230600CC14D4 /* LemuQR WidgetExtension.appex */; settings = {ATTRIBUTES = (RemoveHeadersOnCopy, ); }; };
		C3C3ECF92838280700CC14D4 /* Intents.framework in Frameworks */ = {isa = PBXBuildFile; fileRef = C3C3ECF82838280700CC14D4 /* Intents.framework */; };
		C3C3ECFC2838280700CC14D4 /* IntentHandler.swift in Sources */ = {isa = PBXBuildFile; fileRef = C3C3ECFB2838280700CC14D4 /* IntentHandler.swift */; };
		C3C3ED002838280700CC14D4 /* LemuQR Intents.appex in Embed App Extensions */ = {isa = PBXBuildFile; fileRef = C3C3ECF72838280700CC14D4 /* LemuQR Intents.appex */; settings = {ATTRIBUTES = (RemoveHeadersOnCopy, ); }; };
		C3C3ED05283829A200CC14D4 /* LemuQR_Widget.intentdefinition in Sources */ = {isa = PBXBuildFile; fileRef = C3C3ECE32838230600CC14D4 /* LemuQR_Widget.intentdefinition */; };
		C3C3ED0628382C6600CC14D4 /* CoreDataManager.swift in Sources */ = {isa = PBXBuildFile; fileRef = C3856E102830F79500DDF435 /* CoreDataManager.swift */; };
		C3C3ED0728382C6600CC14D4 /* CoreDataManager.swift in Sources */ = {isa = PBXBuildFile; fileRef = C3856E102830F79500DDF435 /* CoreDataManager.swift */; };
		C3C3ED0828382CE200CC14D4 /* DataModel.xcdatamodeld in Sources */ = {isa = PBXBuildFile; fileRef = C3856E132830F84800DDF435 /* DataModel.xcdatamodeld */; };
		C3C3ED0A28382F1200CC14D4 /* CoreData.framework in Frameworks */ = {isa = PBXBuildFile; fileRef = C3C3ED0928382F1200CC14D4 /* CoreData.framework */; };
		C3C3ED0C2838399700CC14D4 /* DataModel.xcdatamodeld in Sources */ = {isa = PBXBuildFile; fileRef = C3856E132830F84800DDF435 /* DataModel.xcdatamodeld */; };
		C3C3ED0E2838419300CC14D4 /* QRCodeType.swift in Sources */ = {isa = PBXBuildFile; fileRef = C3C3FAB7282B8EE200637484 /* QRCodeType.swift */; };
		C3C3ED1B2838421B00CC14D4 /* Color+Encode.swift in Sources */ = {isa = PBXBuildFile; fileRef = C3856E332831315900DDF435 /* Color+Encode.swift */; };
		C3C3ED1C2838421E00CC14D4 /* String+Localized.swift in Sources */ = {isa = PBXBuildFile; fileRef = C3C3FAB4282B8DBE00637484 /* String+Localized.swift */; };
		C3C3ED1F2838473600CC14D4 /* QRCode+Sort.swift in Sources */ = {isa = PBXBuildFile; fileRef = C3C3ED1E2838473600CC14D4 /* QRCode+Sort.swift */; };
		C3C3ED202838473600CC14D4 /* QRCode+Sort.swift in Sources */ = {isa = PBXBuildFile; fileRef = C3C3ED1E2838473600CC14D4 /* QRCode+Sort.swift */; };
		C3C3ED212838473600CC14D4 /* QRCode+Sort.swift in Sources */ = {isa = PBXBuildFile; fileRef = C3C3ED1E2838473600CC14D4 /* QRCode+Sort.swift */; };
		C3C3ED24283848FE00CC14D4 /* CodeScanner in Frameworks */ = {isa = PBXBuildFile; productRef = C3C3ED23283848FE00CC14D4 /* CodeScanner */; };
		C3C3ED2628384CC600CC14D4 /* QRCodeType+AV.swift in Sources */ = {isa = PBXBuildFile; fileRef = C3C3ED2528384C9400CC14D4 /* QRCodeType+AV.swift */; };
		C3C3FAA8282B87AF00637484 /* MasterView.swift in Sources */ = {isa = PBXBuildFile; fileRef = C3C3FAA7282B87AF00637484 /* MasterView.swift */; };
		C3C3FAAA282B880700637484 /* DetailView.swift in Sources */ = {isa = PBXBuildFile; fileRef = C3C3FAA9282B880700637484 /* DetailView.swift */; };
		C3C3FAAE282B88FE00637484 /* QRCodesViewModel.swift in Sources */ = {isa = PBXBuildFile; fileRef = C3C3FAAD282B88FE00637484 /* QRCodesViewModel.swift */; };
		C3C3FAB0282B8D6300637484 /* Localizable.strings in Resources */ = {isa = PBXBuildFile; fileRef = C3C3FAAF282B8D6300637484 /* Localizable.strings */; };
		C3C3FAB1282B8D6300637484 /* Localizable.strings in Resources */ = {isa = PBXBuildFile; fileRef = C3C3FAAF282B8D6300637484 /* Localizable.strings */; };
		C3C3FAB2282B8D6300637484 /* Localizable.strings in Resources */ = {isa = PBXBuildFile; fileRef = C3C3FAAF282B8D6300637484 /* Localizable.strings */; };
		C3C3FAB5282B8DBE00637484 /* String+Localized.swift in Sources */ = {isa = PBXBuildFile; fileRef = C3C3FAB4282B8DBE00637484 /* String+Localized.swift */; };
		C3C3FAB6282B8DBE00637484 /* String+Localized.swift in Sources */ = {isa = PBXBuildFile; fileRef = C3C3FAB4282B8DBE00637484 /* String+Localized.swift */; };
		C3C3FAB8282B8EE200637484 /* QRCodeType.swift in Sources */ = {isa = PBXBuildFile; fileRef = C3C3FAB7282B8EE200637484 /* QRCodeType.swift */; };
		C3C3FAB9282B8EE200637484 /* QRCodeType.swift in Sources */ = {isa = PBXBuildFile; fileRef = C3C3FAB7282B8EE200637484 /* QRCodeType.swift */; };
		C3C3FABB282B8FF200637484 /* QRCode+Image.swift in Sources */ = {isa = PBXBuildFile; fileRef = C3C3FABA282B8FF200637484 /* QRCode+Image.swift */; };
		C3C3FABE282B94B200637484 /* EditItemView.swift in Sources */ = {isa = PBXBuildFile; fileRef = C3C3FABD282B94B200637484 /* EditItemView.swift */; };
/* End PBXBuildFile section */

/* Begin PBXContainerItemProxy section */
		C30B664E28023AD000B5D432 /* PBXContainerItemProxy */ = {
			isa = PBXContainerItemProxy;
			containerPortal = C30B663628023ACD00B5D432 /* Project object */;
			proxyType = 1;
			remoteGlobalIDString = C30B664B28023AD000B5D432;
			remoteInfo = "LemuQR WatchKit App";
		};
		C30B665928023AD100B5D432 /* PBXContainerItemProxy */ = {
			isa = PBXContainerItemProxy;
			containerPortal = C30B663628023ACD00B5D432 /* Project object */;
			proxyType = 1;
			remoteGlobalIDString = C30B665628023AD100B5D432;
			remoteInfo = "LemuQR WatchKit Extension";
		};
		C3C3ECE92838230800CC14D4 /* PBXContainerItemProxy */ = {
			isa = PBXContainerItemProxy;
			containerPortal = C30B663628023ACD00B5D432 /* Project object */;
			proxyType = 1;
			remoteGlobalIDString = C3C3ECDA2838230600CC14D4;
			remoteInfo = "LemuQR WidgetExtension";
		};
		C3C3ECFE2838280700CC14D4 /* PBXContainerItemProxy */ = {
			isa = PBXContainerItemProxy;
			containerPortal = C30B663628023ACD00B5D432 /* Project object */;
			proxyType = 1;
			remoteGlobalIDString = C3C3ECF62838280700CC14D4;
			remoteInfo = "LemuQR Intents";
		};
/* End PBXContainerItemProxy section */

/* Begin PBXCopyFilesBuildPhase section */
		C30B666D28023AD100B5D432 /* Embed App Extensions */ = {
			isa = PBXCopyFilesBuildPhase;
			buildActionMask = 2147483647;
			dstPath = "";
			dstSubfolderSpec = 13;
			files = (
				C30B665828023AD100B5D432 /* LemuQR WatchKit Extension.appex in Embed App Extensions */,
			);
			name = "Embed App Extensions";
			runOnlyForDeploymentPostprocessing = 0;
		};
		C30B667128023AD100B5D432 /* Embed Watch Content */ = {
			isa = PBXCopyFilesBuildPhase;
			buildActionMask = 2147483647;
			dstPath = "$(CONTENTS_FOLDER_PATH)/Watch";
			dstSubfolderSpec = 16;
			files = (
				C30B664D28023AD000B5D432 /* LemuQR.app in Embed Watch Content */,
			);
			name = "Embed Watch Content";
			runOnlyForDeploymentPostprocessing = 0;
		};
		C3C3ECED2838230800CC14D4 /* Embed App Extensions */ = {
			isa = PBXCopyFilesBuildPhase;
			buildActionMask = 12;
			dstPath = "";
			dstSubfolderSpec = 13;
			files = (
				C3C3ECEB2838230800CC14D4 /* LemuQR WidgetExtension.appex in Embed App Extensions */,
				C3C3ED002838280700CC14D4 /* LemuQR Intents.appex in Embed App Extensions */,
			);
			name = "Embed App Extensions";
			runOnlyForDeploymentPostprocessing = 0;
		};
/* End PBXCopyFilesBuildPhase section */

/* Begin PBXFileReference section */
		C30B663E28023ACD00B5D432 /* LemuQR.app */ = {isa = PBXFileReference; explicitFileType = wrapper.application; includeInIndex = 0; path = LemuQR.app; sourceTree = BUILT_PRODUCTS_DIR; };
		C30B664128023ACD00B5D432 /* LemuQRApp.swift */ = {isa = PBXFileReference; lastKnownFileType = sourcecode.swift; path = LemuQRApp.swift; sourceTree = "<group>"; };
		C30B664328023ACD00B5D432 /* MainContentView.swift */ = {isa = PBXFileReference; lastKnownFileType = sourcecode.swift; path = MainContentView.swift; sourceTree = "<group>"; };
		C30B664528023AD000B5D432 /* Assets.xcassets */ = {isa = PBXFileReference; lastKnownFileType = folder.assetcatalog; path = Assets.xcassets; sourceTree = "<group>"; };
		C30B664828023AD000B5D432 /* Preview Assets.xcassets */ = {isa = PBXFileReference; lastKnownFileType = folder.assetcatalog; path = "Preview Assets.xcassets"; sourceTree = "<group>"; };
		C30B664C28023AD000B5D432 /* LemuQR.app */ = {isa = PBXFileReference; explicitFileType = wrapper.application; includeInIndex = 0; path = LemuQR.app; sourceTree = BUILT_PRODUCTS_DIR; };
		C30B665128023AD000B5D432 /* Assets.xcassets */ = {isa = PBXFileReference; lastKnownFileType = folder.assetcatalog; path = Assets.xcassets; sourceTree = "<group>"; };
		C30B665728023AD100B5D432 /* LemuQR WatchKit Extension.appex */ = {isa = PBXFileReference; explicitFileType = "wrapper.app-extension"; includeInIndex = 0; path = "LemuQR WatchKit Extension.appex"; sourceTree = BUILT_PRODUCTS_DIR; };
		C30B665E28023AD100B5D432 /* LemuQRApp.swift */ = {isa = PBXFileReference; lastKnownFileType = sourcecode.swift; path = LemuQRApp.swift; sourceTree = "<group>"; };
		C30B666228023AD100B5D432 /* Assets.xcassets */ = {isa = PBXFileReference; lastKnownFileType = folder.assetcatalog; path = Assets.xcassets; sourceTree = "<group>"; };
		C30B666528023AD100B5D432 /* Preview Assets.xcassets */ = {isa = PBXFileReference; lastKnownFileType = folder.assetcatalog; path = "Preview Assets.xcassets"; sourceTree = "<group>"; };
		C30B666728023AD100B5D432 /* Info.plist */ = {isa = PBXFileReference; lastKnownFileType = text.plist.xml; path = Info.plist; sourceTree = "<group>"; };
		C3856E082830F22700DDF435 /* LemuQR.entitlements */ = {isa = PBXFileReference; lastKnownFileType = text.plist.entitlements; path = LemuQR.entitlements; sourceTree = "<group>"; };
		C3856E0A2830F22C00DDF435 /* CloudKit.framework */ = {isa = PBXFileReference; lastKnownFileType = wrapper.framework; name = CloudKit.framework; path = Platforms/iPhoneOS.platform/Developer/SDKs/iPhoneOS15.4.sdk/System/Library/Frameworks/CloudKit.framework; sourceTree = DEVELOPER_DIR; };
		C3856E0C2830F47A00DDF435 /* LemuQR WatchKit Extension.entitlements */ = {isa = PBXFileReference; lastKnownFileType = text.plist.entitlements; path = "LemuQR WatchKit Extension.entitlements"; sourceTree = "<group>"; };
		C3856E0D2830F47C00DDF435 /* CloudKit.framework */ = {isa = PBXFileReference; lastKnownFileType = wrapper.framework; name = CloudKit.framework; path = Platforms/WatchOS.platform/Developer/SDKs/WatchOS8.5.sdk/System/Library/Frameworks/CloudKit.framework; sourceTree = DEVELOPER_DIR; };
		C3856E102830F79500DDF435 /* CoreDataManager.swift */ = {isa = PBXFileReference; lastKnownFileType = sourcecode.swift; path = CoreDataManager.swift; sourceTree = "<group>"; };
		C3856E142830F84800DDF435 /* DataModel.xcdatamodel */ = {isa = PBXFileReference; lastKnownFileType = wrapper.xcdatamodel; path = DataModel.xcdatamodel; sourceTree = "<group>"; };
		C3856E1E2830FDD400DDF435 /* QRCode+TestData.swift */ = {isa = PBXFileReference; lastKnownFileType = sourcecode.swift; path = "QRCode+TestData.swift"; sourceTree = "<group>"; wrapsLines = 0; };
		C3856E21283104B400DDF435 /* QRCodeValues.swift */ = {isa = PBXFileReference; lastKnownFileType = sourcecode.swift; path = QRCodeValues.swift; sourceTree = "<group>"; };
		C3856E232831192100DDF435 /* MasterView.swift */ = {isa = PBXFileReference; lastKnownFileType = sourcecode.swift; path = MasterView.swift; sourceTree = "<group>"; };
		C3856E262831195900DDF435 /* DetailView.swift */ = {isa = PBXFileReference; lastKnownFileType = sourcecode.swift; path = DetailView.swift; sourceTree = "<group>"; };
		C3856E332831315900DDF435 /* Color+Encode.swift */ = {isa = PBXFileReference; lastKnownFileType = sourcecode.swift; path = "Color+Encode.swift"; sourceTree = "<group>"; };
		C3C3ECDB2838230600CC14D4 /* LemuQR WidgetExtension.appex */ = {isa = PBXFileReference; explicitFileType = "wrapper.app-extension"; includeInIndex = 0; path = "LemuQR WidgetExtension.appex"; sourceTree = BUILT_PRODUCTS_DIR; };
		C3C3ECDC2838230600CC14D4 /* WidgetKit.framework */ = {isa = PBXFileReference; lastKnownFileType = wrapper.framework; name = WidgetKit.framework; path = System/Library/Frameworks/WidgetKit.framework; sourceTree = SDKROOT; };
		C3C3ECDE2838230600CC14D4 /* SwiftUI.framework */ = {isa = PBXFileReference; lastKnownFileType = wrapper.framework; name = SwiftUI.framework; path = System/Library/Frameworks/SwiftUI.framework; sourceTree = SDKROOT; };
		C3C3ECE12838230600CC14D4 /* LemuQR_Widget.swift */ = {isa = PBXFileReference; lastKnownFileType = sourcecode.swift; path = LemuQR_Widget.swift; sourceTree = "<group>"; };
		C3C3ECE32838230600CC14D4 /* LemuQR_Widget.intentdefinition */ = {isa = PBXFileReference; lastKnownFileType = file.intentdefinition; path = LemuQR_Widget.intentdefinition; sourceTree = "<group>"; };
		C3C3ECE42838230800CC14D4 /* Assets.xcassets */ = {isa = PBXFileReference; lastKnownFileType = folder.assetcatalog; path = Assets.xcassets; sourceTree = "<group>"; };
		C3C3ECE62838230800CC14D4 /* Info.plist */ = {isa = PBXFileReference; lastKnownFileType = text.plist.xml; path = Info.plist; sourceTree = "<group>"; };
		C3C3ECEC2838230800CC14D4 /* LemuQR WidgetExtension.entitlements */ = {isa = PBXFileReference; lastKnownFileType = text.plist.entitlements; path = "LemuQR WidgetExtension.entitlements"; sourceTree = "<group>"; };
		C3C3ECF12838243300CC14D4 /* Info.plist */ = {isa = PBXFileReference; lastKnownFileType = text.plist; path = Info.plist; sourceTree = "<group>"; };
		C3C3ECF72838280700CC14D4 /* LemuQR Intents.appex */ = {isa = PBXFileReference; explicitFileType = "wrapper.app-extension"; includeInIndex = 0; path = "LemuQR Intents.appex"; sourceTree = BUILT_PRODUCTS_DIR; };
		C3C3ECF82838280700CC14D4 /* Intents.framework */ = {isa = PBXFileReference; lastKnownFileType = wrapper.framework; name = Intents.framework; path = System/Library/Frameworks/Intents.framework; sourceTree = SDKROOT; };
		C3C3ECFB2838280700CC14D4 /* IntentHandler.swift */ = {isa = PBXFileReference; lastKnownFileType = sourcecode.swift; path = IntentHandler.swift; sourceTree = "<group>"; };
		C3C3ECFD2838280700CC14D4 /* Info.plist */ = {isa = PBXFileReference; lastKnownFileType = text.plist.xml; path = Info.plist; sourceTree = "<group>"; };
		C3C3ED012838280700CC14D4 /* LemuQR Intents.entitlements */ = {isa = PBXFileReference; lastKnownFileType = text.plist.entitlements; path = "LemuQR Intents.entitlements"; sourceTree = "<group>"; };
		C3C3ED0928382F1200CC14D4 /* CoreData.framework */ = {isa = PBXFileReference; lastKnownFileType = wrapper.framework; name = CoreData.framework; path = System/Library/Frameworks/CoreData.framework; sourceTree = SDKROOT; };
		C3C3ED0B28382F3700CC14D4 /* README.md */ = {isa = PBXFileReference; lastKnownFileType = net.daringfireball.markdown; path = README.md; sourceTree = "<group>"; };
		C3C3ED1E2838473600CC14D4 /* QRCode+Sort.swift */ = {isa = PBXFileReference; lastKnownFileType = sourcecode.swift; path = "QRCode+Sort.swift"; sourceTree = "<group>"; };
		C3C3ED2528384C9400CC14D4 /* QRCodeType+AV.swift */ = {isa = PBXFileReference; lastKnownFileType = sourcecode.swift; path = "QRCodeType+AV.swift"; sourceTree = "<group>"; };
		C3C3FAA7282B87AF00637484 /* MasterView.swift */ = {isa = PBXFileReference; lastKnownFileType = sourcecode.swift; path = MasterView.swift; sourceTree = "<group>"; };
		C3C3FAA9282B880700637484 /* DetailView.swift */ = {isa = PBXFileReference; lastKnownFileType = sourcecode.swift; path = DetailView.swift; sourceTree = "<group>"; };
		C3C3FAAD282B88FE00637484 /* QRCodesViewModel.swift */ = {isa = PBXFileReference; lastKnownFileType = sourcecode.swift; path = QRCodesViewModel.swift; sourceTree = "<group>"; };
		C3C3FAAF282B8D6300637484 /* Localizable.strings */ = {isa = PBXFileReference; lastKnownFileType = text.plist.strings; name = Localizable.strings; path = LemuQR/Localizable.strings; sourceTree = SOURCE_ROOT; };
		C3C3FAB4282B8DBE00637484 /* String+Localized.swift */ = {isa = PBXFileReference; lastKnownFileType = sourcecode.swift; path = "String+Localized.swift"; sourceTree = "<group>"; };
		C3C3FAB7282B8EE200637484 /* QRCodeType.swift */ = {isa = PBXFileReference; lastKnownFileType = sourcecode.swift; path = QRCodeType.swift; sourceTree = "<group>"; };
		C3C3FABA282B8FF200637484 /* QRCode+Image.swift */ = {isa = PBXFileReference; lastKnownFileType = sourcecode.swift; path = "QRCode+Image.swift"; sourceTree = "<group>"; };
		C3C3FABD282B94B200637484 /* EditItemView.swift */ = {isa = PBXFileReference; lastKnownFileType = sourcecode.swift; path = EditItemView.swift; sourceTree = "<group>"; };
/* End PBXFileReference section */

/* Begin PBXFrameworksBuildPhase section */
		C30B663B28023ACD00B5D432 /* Frameworks */ = {
			isa = PBXFrameworksBuildPhase;
			buildActionMask = 2147483647;
			files = (
				C3C3ED24283848FE00CC14D4 /* CodeScanner in Frameworks */,
				C3856E2B28311C2100DDF435 /* RSBarcodes_Swift in Frameworks */,
				C3856E0B2830F22C00DDF435 /* CloudKit.framework in Frameworks */,
				C3856E3228312F1F00DDF435 /* SymbolPicker in Frameworks */,
			);
			runOnlyForDeploymentPostprocessing = 0;
		};
		C30B665428023AD100B5D432 /* Frameworks */ = {
			isa = PBXFrameworksBuildPhase;
			buildActionMask = 2147483647;
			files = (
				C3856E0E2830F47C00DDF435 /* CloudKit.framework in Frameworks */,
			);
			runOnlyForDeploymentPostprocessing = 0;
		};
		C3C3ECD82838230600CC14D4 /* Frameworks */ = {
			isa = PBXFrameworksBuildPhase;
			buildActionMask = 2147483647;
			files = (
				C3C3ECDF2838230600CC14D4 /* SwiftUI.framework in Frameworks */,
				C3C3ECDD2838230600CC14D4 /* WidgetKit.framework in Frameworks */,
			);
			runOnlyForDeploymentPostprocessing = 0;
		};
		C3C3ECF42838280700CC14D4 /* Frameworks */ = {
			isa = PBXFrameworksBuildPhase;
			buildActionMask = 2147483647;
			files = (
				C3C3ECF92838280700CC14D4 /* Intents.framework in Frameworks */,
				C3C3ED0A28382F1200CC14D4 /* CoreData.framework in Frameworks */,
			);
			runOnlyForDeploymentPostprocessing = 0;
		};
/* End PBXFrameworksBuildPhase section */

/* Begin PBXGroup section */
		C30B663528023ACD00B5D432 = {
			isa = PBXGroup;
			children = (
				C3C3ED0B28382F3700CC14D4 /* README.md */,
				C30B664028023ACD00B5D432 /* LemuQR */,
				C30B665028023AD000B5D432 /* LemuQR WatchKit App */,
				C30B665B28023AD100B5D432 /* LemuQR WatchKit Extension */,
				C3C3ECE02838230600CC14D4 /* LemuQR Widget */,
				C3C3ECFA2838280700CC14D4 /* LemuQR Intents */,
				C30B663F28023ACD00B5D432 /* Products */,
				C3856E092830F22C00DDF435 /* Frameworks */,
			);
			sourceTree = "<group>";
		};
		C30B663F28023ACD00B5D432 /* Products */ = {
			isa = PBXGroup;
			children = (
				C30B663E28023ACD00B5D432 /* LemuQR.app */,
				C30B664C28023AD000B5D432 /* LemuQR.app */,
				C30B665728023AD100B5D432 /* LemuQR WatchKit Extension.appex */,
				C3C3ECDB2838230600CC14D4 /* LemuQR WidgetExtension.appex */,
				C3C3ECF72838280700CC14D4 /* LemuQR Intents.appex */,
			);
			name = Products;
			sourceTree = "<group>";
		};
		C30B664028023ACD00B5D432 /* LemuQR */ = {
			isa = PBXGroup;
			children = (
				C3856E0F2830F77F00DDF435 /* Managers */,
				C3C543D6282A891E006700FA /* Model */,
				C3C3FAB3282B8DB300637484 /* Extensions */,
				C3C543D5282A88DA006700FA /* ViewModel */,
				C3C543D4282A88D2006700FA /* Views */,
				C30B664128023ACD00B5D432 /* LemuQRApp.swift */,
				C3856E082830F22700DDF435 /* LemuQR.entitlements */,
				C3C3ECF12838243300CC14D4 /* Info.plist */,
				C3856E132830F84800DDF435 /* DataModel.xcdatamodeld */,
				C3C3FAAF282B8D6300637484 /* Localizable.strings */,
				C30B664528023AD000B5D432 /* Assets.xcassets */,
				C30B664728023AD000B5D432 /* Preview Content */,
			);
			path = LemuQR;
			sourceTree = "<group>";
		};
		C30B664728023AD000B5D432 /* Preview Content */ = {
			isa = PBXGroup;
			children = (
				C30B664828023AD000B5D432 /* Preview Assets.xcassets */,
			);
			path = "Preview Content";
			sourceTree = "<group>";
		};
		C30B665028023AD000B5D432 /* LemuQR WatchKit App */ = {
			isa = PBXGroup;
			children = (
				C30B665128023AD000B5D432 /* Assets.xcassets */,
			);
			path = "LemuQR WatchKit App";
			sourceTree = "<group>";
		};
		C30B665B28023AD100B5D432 /* LemuQR WatchKit Extension */ = {
			isa = PBXGroup;
			children = (
				C3856E0C2830F47A00DDF435 /* LemuQR WatchKit Extension.entitlements */,
				C3856E232831192100DDF435 /* MasterView.swift */,
				C3856E262831195900DDF435 /* DetailView.swift */,
				C30B665E28023AD100B5D432 /* LemuQRApp.swift */,
				C30B666228023AD100B5D432 /* Assets.xcassets */,
				C30B666728023AD100B5D432 /* Info.plist */,
				C30B666428023AD100B5D432 /* Preview Content */,
			);
			path = "LemuQR WatchKit Extension";
			sourceTree = "<group>";
		};
		C30B666428023AD100B5D432 /* Preview Content */ = {
			isa = PBXGroup;
			children = (
				C30B666528023AD100B5D432 /* Preview Assets.xcassets */,
			);
			path = "Preview Content";
			sourceTree = "<group>";
		};
		C3856E092830F22C00DDF435 /* Frameworks */ = {
			isa = PBXGroup;
			children = (
				C3C3ED0928382F1200CC14D4 /* CoreData.framework */,
				C3856E0D2830F47C00DDF435 /* CloudKit.framework */,
				C3856E0A2830F22C00DDF435 /* CloudKit.framework */,
				C3C3ECDC2838230600CC14D4 /* WidgetKit.framework */,
				C3C3ECDE2838230600CC14D4 /* SwiftUI.framework */,
				C3C3ECF82838280700CC14D4 /* Intents.framework */,
			);
			name = Frameworks;
			sourceTree = "<group>";
		};
		C3856E0F2830F77F00DDF435 /* Managers */ = {
			isa = PBXGroup;
			children = (
				C3856E102830F79500DDF435 /* CoreDataManager.swift */,
			);
			path = Managers;
			sourceTree = "<group>";
		};
		C3C3ECE02838230600CC14D4 /* LemuQR Widget */ = {
			isa = PBXGroup;
			children = (
				C3C3ECEC2838230800CC14D4 /* LemuQR WidgetExtension.entitlements */,
				C3C3ECE12838230600CC14D4 /* LemuQR_Widget.swift */,
				C3C3ECE32838230600CC14D4 /* LemuQR_Widget.intentdefinition */,
				C3C3ECE42838230800CC14D4 /* Assets.xcassets */,
				C3C3ECE62838230800CC14D4 /* Info.plist */,
			);
			path = "LemuQR Widget";
			sourceTree = "<group>";
		};
		C3C3ECFA2838280700CC14D4 /* LemuQR Intents */ = {
			isa = PBXGroup;
			children = (
				C3C3ED012838280700CC14D4 /* LemuQR Intents.entitlements */,
				C3C3ECFB2838280700CC14D4 /* IntentHandler.swift */,
				C3C3ECFD2838280700CC14D4 /* Info.plist */,
			);
			path = "LemuQR Intents";
			sourceTree = "<group>";
		};
		C3C3FAB3282B8DB300637484 /* Extensions */ = {
			isa = PBXGroup;
			children = (
				C3856E332831315900DDF435 /* Color+Encode.swift */,
				C3C3FAB4282B8DBE00637484 /* String+Localized.swift */,
			);
			path = Extensions;
			sourceTree = "<group>";
		};
		C3C543D4282A88D2006700FA /* Views */ = {
			isa = PBXGroup;
			children = (
				C3C3FAA9282B880700637484 /* DetailView.swift */,
				C3C3FABD282B94B200637484 /* EditItemView.swift */,
				C30B664328023ACD00B5D432 /* MainContentView.swift */,
				C3C3FAA7282B87AF00637484 /* MasterView.swift */,
			);
			path = Views;
			sourceTree = "<group>";
		};
		C3C543D5282A88DA006700FA /* ViewModel */ = {
			isa = PBXGroup;
			children = (
				C3C3FAAD282B88FE00637484 /* QRCodesViewModel.swift */,
			);
			path = ViewModel;
			sourceTree = "<group>";
		};
		C3C543D6282A891E006700FA /* Model */ = {
			isa = PBXGroup;
			children = (
				C3C3FAB7282B8EE200637484 /* QRCodeType.swift */,
				C3C3ED2528384C9400CC14D4 /* QRCodeType+AV.swift */,
				C3856E21283104B400DDF435 /* QRCodeValues.swift */,
				C3C3FABA282B8FF200637484 /* QRCode+Image.swift */,
				C3856E1E2830FDD400DDF435 /* QRCode+TestData.swift */,
				C3C3ED1E2838473600CC14D4 /* QRCode+Sort.swift */,
			);
			path = Model;
			sourceTree = "<group>";
		};
/* End PBXGroup section */

/* Begin PBXNativeTarget section */
		C30B663D28023ACD00B5D432 /* LemuQR */ = {
			isa = PBXNativeTarget;
			buildConfigurationList = C30B667228023AD100B5D432 /* Build configuration list for PBXNativeTarget "LemuQR" */;
			buildPhases = (
				C30B663A28023ACD00B5D432 /* Sources */,
				C30B663B28023ACD00B5D432 /* Frameworks */,
				C30B663C28023ACD00B5D432 /* Resources */,
				C30B667128023AD100B5D432 /* Embed Watch Content */,
				C3C3ECED2838230800CC14D4 /* Embed App Extensions */,
			);
			buildRules = (
			);
			dependencies = (
				C30B664F28023AD000B5D432 /* PBXTargetDependency */,
				C3C3ECEA2838230800CC14D4 /* PBXTargetDependency */,
				C3C3ECFF2838280700CC14D4 /* PBXTargetDependency */,
			);
			name = LemuQR;
			packageProductDependencies = (
				C3856E2A28311C2100DDF435 /* RSBarcodes_Swift */,
				C3856E3128312F1F00DDF435 /* SymbolPicker */,
				C3C3ED23283848FE00CC14D4 /* CodeScanner */,
			);
			productName = LemuQR;
			productReference = C30B663E28023ACD00B5D432 /* LemuQR.app */;
			productType = "com.apple.product-type.application";
		};
		C30B664B28023AD000B5D432 /* LemuQR WatchKit App */ = {
			isa = PBXNativeTarget;
			buildConfigurationList = C30B666E28023AD100B5D432 /* Build configuration list for PBXNativeTarget "LemuQR WatchKit App" */;
			buildPhases = (
				C30B664A28023AD000B5D432 /* Resources */,
				C30B666D28023AD100B5D432 /* Embed App Extensions */,
			);
			buildRules = (
			);
			dependencies = (
				C30B665A28023AD100B5D432 /* PBXTargetDependency */,
			);
			name = "LemuQR WatchKit App";
			productName = "LemuQR WatchKit App";
			productReference = C30B664C28023AD000B5D432 /* LemuQR.app */;
			productType = "com.apple.product-type.application.watchapp2";
		};
		C30B665628023AD100B5D432 /* LemuQR WatchKit Extension */ = {
			isa = PBXNativeTarget;
			buildConfigurationList = C30B666A28023AD100B5D432 /* Build configuration list for PBXNativeTarget "LemuQR WatchKit Extension" */;
			buildPhases = (
				C30B665328023AD100B5D432 /* Sources */,
				C30B665428023AD100B5D432 /* Frameworks */,
				C30B665528023AD100B5D432 /* Resources */,
			);
			buildRules = (
			);
			dependencies = (
			);
			name = "LemuQR WatchKit Extension";
			packageProductDependencies = (
			);
			productName = "LemuQR WatchKit Extension";
			productReference = C30B665728023AD100B5D432 /* LemuQR WatchKit Extension.appex */;
			productType = "com.apple.product-type.watchkit2-extension";
		};
		C3C3ECDA2838230600CC14D4 /* LemuQR WidgetExtension */ = {
			isa = PBXNativeTarget;
			buildConfigurationList = C3C3ECF02838230800CC14D4 /* Build configuration list for PBXNativeTarget "LemuQR WidgetExtension" */;
			buildPhases = (
				C3C3ECD72838230600CC14D4 /* Sources */,
				C3C3ECD82838230600CC14D4 /* Frameworks */,
				C3C3ECD92838230600CC14D4 /* Resources */,
			);
			buildRules = (
			);
			dependencies = (
			);
			name = "LemuQR WidgetExtension";
			productName = "LemuQR WidgetExtension";
			productReference = C3C3ECDB2838230600CC14D4 /* LemuQR WidgetExtension.appex */;
			productType = "com.apple.product-type.app-extension";
		};
		C3C3ECF62838280700CC14D4 /* LemuQR Intents */ = {
			isa = PBXNativeTarget;
			buildConfigurationList = C3C3ED022838280700CC14D4 /* Build configuration list for PBXNativeTarget "LemuQR Intents" */;
			buildPhases = (
				C3C3ECF32838280700CC14D4 /* Sources */,
				C3C3ECF42838280700CC14D4 /* Frameworks */,
				C3C3ECF52838280700CC14D4 /* Resources */,
			);
			buildRules = (
			);
			dependencies = (
			);
			name = "LemuQR Intents";
			productName = "LemuQR Intents";
			productReference = C3C3ECF72838280700CC14D4 /* LemuQR Intents.appex */;
			productType = "com.apple.product-type.app-extension";
		};
/* End PBXNativeTarget section */

/* Begin PBXProject section */
		C30B663628023ACD00B5D432 /* Project object */ = {
			isa = PBXProject;
			attributes = {
				BuildIndependentTargetsInParallel = 1;
				LastSwiftUpdateCheck = 1330;
				LastUpgradeCheck = 1330;
				TargetAttributes = {
					C30B663D28023ACD00B5D432 = {
						CreatedOnToolsVersion = 13.3;
					};
					C30B664B28023AD000B5D432 = {
						CreatedOnToolsVersion = 13.3;
					};
					C30B665628023AD100B5D432 = {
						CreatedOnToolsVersion = 13.3;
					};
					C3C3ECDA2838230600CC14D4 = {
						CreatedOnToolsVersion = 13.3;
					};
					C3C3ECF62838280700CC14D4 = {
						CreatedOnToolsVersion = 13.3;
					};
				};
			};
			buildConfigurationList = C30B663928023ACD00B5D432 /* Build configuration list for PBXProject "LemuQR" */;
			compatibilityVersion = "Xcode 13.0";
			developmentRegion = en;
			hasScannedForEncodings = 0;
			knownRegions = (
				en,
				Base,
			);
			mainGroup = C30B663528023ACD00B5D432;
			packageReferences = (
				C3856E2928311C2000DDF435 /* XCRemoteSwiftPackageReference "RSBarcodes_Swift" */,
				C3856E3028312F1E00DDF435 /* XCRemoteSwiftPackageReference "SymbolPicker" */,
				C3C3ED22283848FE00CC14D4 /* XCRemoteSwiftPackageReference "CodeScanner" */,
			);
			productRefGroup = C30B663F28023ACD00B5D432 /* Products */;
			projectDirPath = "";
			projectRoot = "";
			targets = (
				C30B663D28023ACD00B5D432 /* LemuQR */,
				C30B664B28023AD000B5D432 /* LemuQR WatchKit App */,
				C30B665628023AD100B5D432 /* LemuQR WatchKit Extension */,
				C3C3ECDA2838230600CC14D4 /* LemuQR WidgetExtension */,
				C3C3ECF62838280700CC14D4 /* LemuQR Intents */,
			);
		};
/* End PBXProject section */

/* Begin PBXResourcesBuildPhase section */
		C30B663C28023ACD00B5D432 /* Resources */ = {
			isa = PBXResourcesBuildPhase;
			buildActionMask = 2147483647;
			files = (
				C30B664928023AD000B5D432 /* Preview Assets.xcassets in Resources */,
				C3C3FAB0282B8D6300637484 /* Localizable.strings in Resources */,
				C30B664628023AD000B5D432 /* Assets.xcassets in Resources */,
			);
			runOnlyForDeploymentPostprocessing = 0;
		};
		C30B664A28023AD000B5D432 /* Resources */ = {
			isa = PBXResourcesBuildPhase;
			buildActionMask = 2147483647;
			files = (
				C30B665228023AD000B5D432 /* Assets.xcassets in Resources */,
				C3C3FAB1282B8D6300637484 /* Localizable.strings in Resources */,
			);
			runOnlyForDeploymentPostprocessing = 0;
		};
		C30B665528023AD100B5D432 /* Resources */ = {
			isa = PBXResourcesBuildPhase;
			buildActionMask = 2147483647;
			files = (
				C30B666628023AD100B5D432 /* Preview Assets.xcassets in Resources */,
				C3C3FAB2282B8D6300637484 /* Localizable.strings in Resources */,
				C30B666328023AD100B5D432 /* Assets.xcassets in Resources */,
			);
			runOnlyForDeploymentPostprocessing = 0;
		};
		C3C3ECD92838230600CC14D4 /* Resources */ = {
			isa = PBXResourcesBuildPhase;
			buildActionMask = 2147483647;
			files = (
				C3C3ECE52838230800CC14D4 /* Assets.xcassets in Resources */,
			);
			runOnlyForDeploymentPostprocessing = 0;
		};
		C3C3ECF52838280700CC14D4 /* Resources */ = {
			isa = PBXResourcesBuildPhase;
			buildActionMask = 2147483647;
			files = (
			);
			runOnlyForDeploymentPostprocessing = 0;
		};
/* End PBXResourcesBuildPhase section */

/* Begin PBXSourcesBuildPhase section */
		C30B663A28023ACD00B5D432 /* Sources */ = {
			isa = PBXSourcesBuildPhase;
			buildActionMask = 2147483647;
			files = (
				C3C3FAAE282B88FE00637484 /* QRCodesViewModel.swift in Sources */,
				C3C3FAA8282B87AF00637484 /* MasterView.swift in Sources */,
				C3856E22283104E200DDF435 /* QRCodeValues.swift in Sources */,
				C3C3FABB282B8FF200637484 /* QRCode+Image.swift in Sources */,
				C30B664428023ACD00B5D432 /* MainContentView.swift in Sources */,
				C3C3FAB8282B8EE200637484 /* QRCodeType.swift in Sources */,
				C3C3FAAA282B880700637484 /* DetailView.swift in Sources */,
				C30B664228023ACD00B5D432 /* LemuQRApp.swift in Sources */,
				C3C3ECE82838230800CC14D4 /* LemuQR_Widget.intentdefinition in Sources */,
				C3856E352831315900DDF435 /* Color+Encode.swift in Sources */,
				C3C3FAB5282B8DBE00637484 /* String+Localized.swift in Sources */,
				C3856E152830F84800DDF435 /* DataModel.xcdatamodeld in Sources */,
				C3C3FABE282B94B200637484 /* EditItemView.swift in Sources */,
				C3C3ED1F2838473600CC14D4 /* QRCode+Sort.swift in Sources */,
				C3856E112830F79500DDF435 /* CoreDataManager.swift in Sources */,
				C3856E1F2830FDD400DDF435 /* QRCode+TestData.swift in Sources */,
				C3C3ED2628384CC600CC14D4 /* QRCodeType+AV.swift in Sources */,
			);
			runOnlyForDeploymentPostprocessing = 0;
		};
		C30B665328023AD100B5D432 /* Sources */ = {
			isa = PBXSourcesBuildPhase;
			buildActionMask = 2147483647;
			files = (
				C3856E122830F79500DDF435 /* CoreDataManager.swift in Sources */,
				C3856E342831315900DDF435 /* Color+Encode.swift in Sources */,
				C30B665F28023AD100B5D432 /* LemuQRApp.swift in Sources */,
				C3856E242831192100DDF435 /* MasterView.swift in Sources */,
				C3856E272831195900DDF435 /* DetailView.swift in Sources */,
				C3C3ED202838473600CC14D4 /* QRCode+Sort.swift in Sources */,
				C3856E2F2831213700DDF435 /* QRCode+Image.swift in Sources */,
				C3C3FAB6282B8DBE00637484 /* String+Localized.swift in Sources */,
				C3856E252831193D00DDF435 /* QRCodesViewModel.swift in Sources */,
				C3C3ED0C2838399700CC14D4 /* DataModel.xcdatamodeld in Sources */,
				C3C3FAB9282B8EE200637484 /* QRCodeType.swift in Sources */,
				C3856E282831199D00DDF435 /* QRCodeValues.swift in Sources */,
			);
			runOnlyForDeploymentPostprocessing = 0;
		};
		C3C3ECD72838230600CC14D4 /* Sources */ = {
			isa = PBXSourcesBuildPhase;
			buildActionMask = 2147483647;
			files = (
				C3C3ECE72838230800CC14D4 /* LemuQR_Widget.intentdefinition in Sources */,
				C3C3ED0628382C6600CC14D4 /* CoreDataManager.swift in Sources */,
				C3C3ECE22838230600CC14D4 /* LemuQR_Widget.swift in Sources */,
			);
			runOnlyForDeploymentPostprocessing = 0;
		};
		C3C3ECF32838280700CC14D4 /* Sources */ = {
			isa = PBXSourcesBuildPhase;
			buildActionMask = 2147483647;
			files = (
				C3C3ED1B2838421B00CC14D4 /* Color+Encode.swift in Sources */,
				C3C3ED0728382C6600CC14D4 /* CoreDataManager.swift in Sources */,
				C3C3ED1C2838421E00CC14D4 /* String+Localized.swift in Sources */,
				C3C3ED0E2838419300CC14D4 /* QRCodeType.swift in Sources */,
				C3C3ED0828382CE200CC14D4 /* DataModel.xcdatamodeld in Sources */,
				C3C3ED212838473600CC14D4 /* QRCode+Sort.swift in Sources */,
				C3C3ED05283829A200CC14D4 /* LemuQR_Widget.intentdefinition in Sources */,
				C3C3ECFC2838280700CC14D4 /* IntentHandler.swift in Sources */,
			);
			runOnlyForDeploymentPostprocessing = 0;
		};
/* End PBXSourcesBuildPhase section */

/* Begin PBXTargetDependency section */
		C30B664F28023AD000B5D432 /* PBXTargetDependency */ = {
			isa = PBXTargetDependency;
			platformFilter = ios;
			target = C30B664B28023AD000B5D432 /* LemuQR WatchKit App */;
			targetProxy = C30B664E28023AD000B5D432 /* PBXContainerItemProxy */;
		};
		C30B665A28023AD100B5D432 /* PBXTargetDependency */ = {
			isa = PBXTargetDependency;
			target = C30B665628023AD100B5D432 /* LemuQR WatchKit Extension */;
			targetProxy = C30B665928023AD100B5D432 /* PBXContainerItemProxy */;
		};
		C3C3ECEA2838230800CC14D4 /* PBXTargetDependency */ = {
			isa = PBXTargetDependency;
			target = C3C3ECDA2838230600CC14D4 /* LemuQR WidgetExtension */;
			targetProxy = C3C3ECE92838230800CC14D4 /* PBXContainerItemProxy */;
		};
		C3C3ECFF2838280700CC14D4 /* PBXTargetDependency */ = {
			isa = PBXTargetDependency;
			target = C3C3ECF62838280700CC14D4 /* LemuQR Intents */;
			targetProxy = C3C3ECFE2838280700CC14D4 /* PBXContainerItemProxy */;
		};
/* End PBXTargetDependency section */

/* Begin XCBuildConfiguration section */
		C30B666828023AD100B5D432 /* Debug */ = {
			isa = XCBuildConfiguration;
			buildSettings = {
				ALWAYS_SEARCH_USER_PATHS = NO;
				CLANG_ANALYZER_NONNULL = YES;
				CLANG_ANALYZER_NUMBER_OBJECT_CONVERSION = YES_AGGRESSIVE;
				CLANG_CXX_LANGUAGE_STANDARD = "gnu++17";
				CLANG_ENABLE_MODULES = YES;
				CLANG_ENABLE_OBJC_ARC = YES;
				CLANG_ENABLE_OBJC_WEAK = YES;
				CLANG_WARN_BLOCK_CAPTURE_AUTORELEASING = YES;
				CLANG_WARN_BOOL_CONVERSION = YES;
				CLANG_WARN_COMMA = YES;
				CLANG_WARN_CONSTANT_CONVERSION = YES;
				CLANG_WARN_DEPRECATED_OBJC_IMPLEMENTATIONS = YES;
				CLANG_WARN_DIRECT_OBJC_ISA_USAGE = YES_ERROR;
				CLANG_WARN_DOCUMENTATION_COMMENTS = YES;
				CLANG_WARN_EMPTY_BODY = YES;
				CLANG_WARN_ENUM_CONVERSION = YES;
				CLANG_WARN_INFINITE_RECURSION = YES;
				CLANG_WARN_INT_CONVERSION = YES;
				CLANG_WARN_NON_LITERAL_NULL_CONVERSION = YES;
				CLANG_WARN_OBJC_IMPLICIT_RETAIN_SELF = YES;
				CLANG_WARN_OBJC_LITERAL_CONVERSION = YES;
				CLANG_WARN_OBJC_ROOT_CLASS = YES_ERROR;
				CLANG_WARN_QUOTED_INCLUDE_IN_FRAMEWORK_HEADER = YES;
				CLANG_WARN_RANGE_LOOP_ANALYSIS = YES;
				CLANG_WARN_STRICT_PROTOTYPES = YES;
				CLANG_WARN_SUSPICIOUS_MOVE = YES;
				CLANG_WARN_UNGUARDED_AVAILABILITY = YES_AGGRESSIVE;
				CLANG_WARN_UNREACHABLE_CODE = YES;
				CLANG_WARN__DUPLICATE_METHOD_MATCH = YES;
				COPY_PHASE_STRIP = NO;
				DEBUG_INFORMATION_FORMAT = dwarf;
				ENABLE_STRICT_OBJC_MSGSEND = YES;
				ENABLE_TESTABILITY = YES;
				GCC_C_LANGUAGE_STANDARD = gnu11;
				GCC_DYNAMIC_NO_PIC = NO;
				GCC_NO_COMMON_BLOCKS = YES;
				GCC_OPTIMIZATION_LEVEL = 0;
				GCC_PREPROCESSOR_DEFINITIONS = (
					"DEBUG=1",
					"$(inherited)",
				);
				GCC_WARN_64_TO_32_BIT_CONVERSION = YES;
				GCC_WARN_ABOUT_RETURN_TYPE = YES_ERROR;
				GCC_WARN_UNDECLARED_SELECTOR = YES;
				GCC_WARN_UNINITIALIZED_AUTOS = YES_AGGRESSIVE;
				GCC_WARN_UNUSED_FUNCTION = YES;
				GCC_WARN_UNUSED_VARIABLE = YES;
				MTL_ENABLE_DEBUG_INFO = INCLUDE_SOURCE;
				MTL_FAST_MATH = YES;
				ONLY_ACTIVE_ARCH = YES;
				SWIFT_ACTIVE_COMPILATION_CONDITIONS = DEBUG;
				SWIFT_OPTIMIZATION_LEVEL = "-Onone";
			};
			name = Debug;
		};
		C30B666928023AD100B5D432 /* Release */ = {
			isa = XCBuildConfiguration;
			buildSettings = {
				ALWAYS_SEARCH_USER_PATHS = NO;
				CLANG_ANALYZER_NONNULL = YES;
				CLANG_ANALYZER_NUMBER_OBJECT_CONVERSION = YES_AGGRESSIVE;
				CLANG_CXX_LANGUAGE_STANDARD = "gnu++17";
				CLANG_ENABLE_MODULES = YES;
				CLANG_ENABLE_OBJC_ARC = YES;
				CLANG_ENABLE_OBJC_WEAK = YES;
				CLANG_WARN_BLOCK_CAPTURE_AUTORELEASING = YES;
				CLANG_WARN_BOOL_CONVERSION = YES;
				CLANG_WARN_COMMA = YES;
				CLANG_WARN_CONSTANT_CONVERSION = YES;
				CLANG_WARN_DEPRECATED_OBJC_IMPLEMENTATIONS = YES;
				CLANG_WARN_DIRECT_OBJC_ISA_USAGE = YES_ERROR;
				CLANG_WARN_DOCUMENTATION_COMMENTS = YES;
				CLANG_WARN_EMPTY_BODY = YES;
				CLANG_WARN_ENUM_CONVERSION = YES;
				CLANG_WARN_INFINITE_RECURSION = YES;
				CLANG_WARN_INT_CONVERSION = YES;
				CLANG_WARN_NON_LITERAL_NULL_CONVERSION = YES;
				CLANG_WARN_OBJC_IMPLICIT_RETAIN_SELF = YES;
				CLANG_WARN_OBJC_LITERAL_CONVERSION = YES;
				CLANG_WARN_OBJC_ROOT_CLASS = YES_ERROR;
				CLANG_WARN_QUOTED_INCLUDE_IN_FRAMEWORK_HEADER = YES;
				CLANG_WARN_RANGE_LOOP_ANALYSIS = YES;
				CLANG_WARN_STRICT_PROTOTYPES = YES;
				CLANG_WARN_SUSPICIOUS_MOVE = YES;
				CLANG_WARN_UNGUARDED_AVAILABILITY = YES_AGGRESSIVE;
				CLANG_WARN_UNREACHABLE_CODE = YES;
				CLANG_WARN__DUPLICATE_METHOD_MATCH = YES;
				COPY_PHASE_STRIP = NO;
				DEBUG_INFORMATION_FORMAT = "dwarf-with-dsym";
				ENABLE_NS_ASSERTIONS = NO;
				ENABLE_STRICT_OBJC_MSGSEND = YES;
				GCC_C_LANGUAGE_STANDARD = gnu11;
				GCC_NO_COMMON_BLOCKS = YES;
				GCC_WARN_64_TO_32_BIT_CONVERSION = YES;
				GCC_WARN_ABOUT_RETURN_TYPE = YES_ERROR;
				GCC_WARN_UNDECLARED_SELECTOR = YES;
				GCC_WARN_UNINITIALIZED_AUTOS = YES_AGGRESSIVE;
				GCC_WARN_UNUSED_FUNCTION = YES;
				GCC_WARN_UNUSED_VARIABLE = YES;
				MTL_ENABLE_DEBUG_INFO = NO;
				MTL_FAST_MATH = YES;
				SWIFT_COMPILATION_MODE = wholemodule;
				SWIFT_OPTIMIZATION_LEVEL = "-O";
			};
			name = Release;
		};
		C30B666B28023AD100B5D432 /* Debug */ = {
			isa = XCBuildConfiguration;
			buildSettings = {
				ASSETCATALOG_COMPILER_COMPLICATION_NAME = Complication;
				CODE_SIGN_ENTITLEMENTS = "LemuQR WatchKit Extension/LemuQR WatchKit Extension.entitlements";
				CODE_SIGN_STYLE = Automatic;
				CURRENT_PROJECT_VERSION = 1;
				DEVELOPMENT_ASSET_PATHS = "\"LemuQR WatchKit Extension/Preview Content\"";
				DEVELOPMENT_TEAM = MM87FMCT6V;
				ENABLE_PREVIEWS = YES;
				GENERATE_INFOPLIST_FILE = YES;
				INFOPLIST_FILE = "LemuQR WatchKit Extension/Info.plist";
				INFOPLIST_KEY_CFBundleDisplayName = LemuQR;
				INFOPLIST_KEY_NSHumanReadableCopyright = "";
				INFOPLIST_KEY_WKRunsIndependentlyOfCompanionApp = NO;
				LD_RUNPATH_SEARCH_PATHS = (
					"$(inherited)",
					"@executable_path/Frameworks",
					"@executable_path/../../Frameworks",
				);
				MARKETING_VERSION = 1.0;
				PRODUCT_BUNDLE_IDENTIFIER = cz.martykan.LemuQR.watchkitapp.watchkitextension;
				PRODUCT_NAME = "${TARGET_NAME}";
				SDKROOT = watchos;
				SKIP_INSTALL = YES;
				SWIFT_EMIT_LOC_STRINGS = YES;
				SWIFT_VERSION = 5.0;
				TARGETED_DEVICE_FAMILY = 4;
				WATCHOS_DEPLOYMENT_TARGET = 8.5;
			};
			name = Debug;
		};
		C30B666C28023AD100B5D432 /* Release */ = {
			isa = XCBuildConfiguration;
			buildSettings = {
				ASSETCATALOG_COMPILER_COMPLICATION_NAME = Complication;
				CODE_SIGN_ENTITLEMENTS = "LemuQR WatchKit Extension/LemuQR WatchKit Extension.entitlements";
				CODE_SIGN_STYLE = Automatic;
				CURRENT_PROJECT_VERSION = 1;
				DEVELOPMENT_ASSET_PATHS = "\"LemuQR WatchKit Extension/Preview Content\"";
				DEVELOPMENT_TEAM = MM87FMCT6V;
				ENABLE_PREVIEWS = YES;
				GENERATE_INFOPLIST_FILE = YES;
				INFOPLIST_FILE = "LemuQR WatchKit Extension/Info.plist";
				INFOPLIST_KEY_CFBundleDisplayName = LemuQR;
				INFOPLIST_KEY_NSHumanReadableCopyright = "";
				INFOPLIST_KEY_WKRunsIndependentlyOfCompanionApp = NO;
				LD_RUNPATH_SEARCH_PATHS = (
					"$(inherited)",
					"@executable_path/Frameworks",
					"@executable_path/../../Frameworks",
				);
				MARKETING_VERSION = 1.0;
				PRODUCT_BUNDLE_IDENTIFIER = cz.martykan.LemuQR.watchkitapp.watchkitextension;
				PRODUCT_NAME = "${TARGET_NAME}";
				SDKROOT = watchos;
				SKIP_INSTALL = YES;
				SWIFT_EMIT_LOC_STRINGS = YES;
				SWIFT_VERSION = 5.0;
				TARGETED_DEVICE_FAMILY = 4;
				VALIDATE_PRODUCT = YES;
				WATCHOS_DEPLOYMENT_TARGET = 8.5;
			};
			name = Release;
		};
		C30B666F28023AD100B5D432 /* Debug */ = {
			isa = XCBuildConfiguration;
			buildSettings = {
				ALWAYS_EMBED_SWIFT_STANDARD_LIBRARIES = YES;
				ASSETCATALOG_COMPILER_APPICON_NAME = AppIcon;
				ASSETCATALOG_COMPILER_GLOBAL_ACCENT_COLOR_NAME = AccentColor;
				CODE_SIGN_STYLE = Automatic;
				CURRENT_PROJECT_VERSION = 1;
				DEVELOPMENT_TEAM = MM87FMCT6V;
				GENERATE_INFOPLIST_FILE = YES;
				IBSC_MODULE = LemuQR_WatchKit_Extension;
				INFOPLIST_KEY_UISupportedInterfaceOrientations = "UIInterfaceOrientationPortrait UIInterfaceOrientationPortraitUpsideDown";
				INFOPLIST_KEY_WKCompanionAppBundleIdentifier = cz.martykan.LemuQR;
				MARKETING_VERSION = 1.0;
				PRODUCT_BUNDLE_IDENTIFIER = cz.martykan.LemuQR.watchkitapp;
				PRODUCT_NAME = LemuQR;
				SDKROOT = watchos;
				SKIP_INSTALL = YES;
				SWIFT_EMIT_LOC_STRINGS = YES;
				SWIFT_VERSION = 5.0;
				TARGETED_DEVICE_FAMILY = 4;
				WATCHOS_DEPLOYMENT_TARGET = 8.5;
			};
			name = Debug;
		};
		C30B667028023AD100B5D432 /* Release */ = {
			isa = XCBuildConfiguration;
			buildSettings = {
				ALWAYS_EMBED_SWIFT_STANDARD_LIBRARIES = YES;
				ASSETCATALOG_COMPILER_APPICON_NAME = AppIcon;
				ASSETCATALOG_COMPILER_GLOBAL_ACCENT_COLOR_NAME = AccentColor;
				CODE_SIGN_STYLE = Automatic;
				CURRENT_PROJECT_VERSION = 1;
				DEVELOPMENT_TEAM = MM87FMCT6V;
				GENERATE_INFOPLIST_FILE = YES;
				IBSC_MODULE = LemuQR_WatchKit_Extension;
				INFOPLIST_KEY_UISupportedInterfaceOrientations = "UIInterfaceOrientationPortrait UIInterfaceOrientationPortraitUpsideDown";
				INFOPLIST_KEY_WKCompanionAppBundleIdentifier = cz.martykan.LemuQR;
				MARKETING_VERSION = 1.0;
				PRODUCT_BUNDLE_IDENTIFIER = cz.martykan.LemuQR.watchkitapp;
				PRODUCT_NAME = LemuQR;
				SDKROOT = watchos;
				SKIP_INSTALL = YES;
				SWIFT_EMIT_LOC_STRINGS = YES;
				SWIFT_VERSION = 5.0;
				TARGETED_DEVICE_FAMILY = 4;
				VALIDATE_PRODUCT = YES;
				WATCHOS_DEPLOYMENT_TARGET = 8.5;
			};
			name = Release;
		};
		C30B667328023AD100B5D432 /* Debug */ = {
			isa = XCBuildConfiguration;
			buildSettings = {
				ALWAYS_EMBED_SWIFT_STANDARD_LIBRARIES = YES;
				ASSETCATALOG_COMPILER_APPICON_NAME = AppIcon;
				ASSETCATALOG_COMPILER_GLOBAL_ACCENT_COLOR_NAME = AccentColor;
				CODE_SIGN_ENTITLEMENTS = LemuQR/LemuQR.entitlements;
				CODE_SIGN_STYLE = Automatic;
				CURRENT_PROJECT_VERSION = 1;
				DEVELOPMENT_ASSET_PATHS = "\"LemuQR/Preview Content\"";
				DEVELOPMENT_TEAM = MM87FMCT6V;
				ENABLE_PREVIEWS = YES;
				GENERATE_INFOPLIST_FILE = YES;
				INFOPLIST_FILE = LemuQR/Info.plist;
				INFOPLIST_KEY_UIApplicationSceneManifest_Generation = YES;
				INFOPLIST_KEY_UIApplicationSupportsIndirectInputEvents = YES;
				INFOPLIST_KEY_UILaunchScreen_Generation = YES;
				INFOPLIST_KEY_UISupportedInterfaceOrientations_iPad = "UIInterfaceOrientationPortrait UIInterfaceOrientationPortraitUpsideDown UIInterfaceOrientationLandscapeLeft UIInterfaceOrientationLandscapeRight";
				INFOPLIST_KEY_UISupportedInterfaceOrientations_iPhone = "UIInterfaceOrientationPortrait UIInterfaceOrientationLandscapeLeft UIInterfaceOrientationLandscapeRight";
				IPHONEOS_DEPLOYMENT_TARGET = 15.4;
				LD_RUNPATH_SEARCH_PATHS = (
					"$(inherited)",
					"@executable_path/Frameworks",
				);
				MARKETING_VERSION = 1.0;
				PRODUCT_BUNDLE_IDENTIFIER = cz.martykan.LemuQR;
				PRODUCT_NAME = "$(TARGET_NAME)";
				SDKROOT = iphoneos;
				SUPPORTS_MACCATALYST = YES;
				SUPPORTS_MAC_DESIGNED_FOR_IPHONE_IPAD = NO;
				SWIFT_EMIT_LOC_STRINGS = YES;
				SWIFT_VERSION = 5.0;
				TARGETED_DEVICE_FAMILY = "1,2,6";
			};
			name = Debug;
		};
		C30B667428023AD100B5D432 /* Release */ = {
			isa = XCBuildConfiguration;
			buildSettings = {
				ALWAYS_EMBED_SWIFT_STANDARD_LIBRARIES = YES;
				ASSETCATALOG_COMPILER_APPICON_NAME = AppIcon;
				ASSETCATALOG_COMPILER_GLOBAL_ACCENT_COLOR_NAME = AccentColor;
				CODE_SIGN_ENTITLEMENTS = LemuQR/LemuQR.entitlements;
				CODE_SIGN_STYLE = Automatic;
				CURRENT_PROJECT_VERSION = 1;
				DEVELOPMENT_ASSET_PATHS = "\"LemuQR/Preview Content\"";
				DEVELOPMENT_TEAM = MM87FMCT6V;
				ENABLE_PREVIEWS = YES;
				GENERATE_INFOPLIST_FILE = YES;
				INFOPLIST_FILE = LemuQR/Info.plist;
				INFOPLIST_KEY_UIApplicationSceneManifest_Generation = YES;
				INFOPLIST_KEY_UIApplicationSupportsIndirectInputEvents = YES;
				INFOPLIST_KEY_UILaunchScreen_Generation = YES;
				INFOPLIST_KEY_UISupportedInterfaceOrientations_iPad = "UIInterfaceOrientationPortrait UIInterfaceOrientationPortraitUpsideDown UIInterfaceOrientationLandscapeLeft UIInterfaceOrientationLandscapeRight";
				INFOPLIST_KEY_UISupportedInterfaceOrientations_iPhone = "UIInterfaceOrientationPortrait UIInterfaceOrientationLandscapeLeft UIInterfaceOrientationLandscapeRight";
				IPHONEOS_DEPLOYMENT_TARGET = 15.4;
				LD_RUNPATH_SEARCH_PATHS = (
					"$(inherited)",
					"@executable_path/Frameworks",
				);
				MARKETING_VERSION = 1.0;
				PRODUCT_BUNDLE_IDENTIFIER = cz.martykan.LemuQR;
				PRODUCT_NAME = "$(TARGET_NAME)";
				SDKROOT = iphoneos;
				SUPPORTS_MACCATALYST = YES;
				SUPPORTS_MAC_DESIGNED_FOR_IPHONE_IPAD = NO;
				SWIFT_EMIT_LOC_STRINGS = YES;
				SWIFT_VERSION = 5.0;
				TARGETED_DEVICE_FAMILY = "1,2,6";
				VALIDATE_PRODUCT = YES;
			};
			name = Release;
		};
		C3C3ECEE2838230800CC14D4 /* Debug */ = {
			isa = XCBuildConfiguration;
			buildSettings = {
				ASSETCATALOG_COMPILER_GLOBAL_ACCENT_COLOR_NAME = AccentColor;
				ASSETCATALOG_COMPILER_WIDGET_BACKGROUND_COLOR_NAME = WidgetBackground;
				CODE_SIGN_ENTITLEMENTS = "LemuQR Widget/LemuQR WidgetExtension.entitlements";
				CODE_SIGN_STYLE = Automatic;
				CURRENT_PROJECT_VERSION = 1;
				DEVELOPMENT_TEAM = MM87FMCT6V;
				GENERATE_INFOPLIST_FILE = YES;
				INFOPLIST_FILE = "LemuQR Widget/Info.plist";
				INFOPLIST_KEY_CFBundleDisplayName = "LemuQR Widget";
				INFOPLIST_KEY_NSHumanReadableCopyright = "";
				IPHONEOS_DEPLOYMENT_TARGET = 15.4;
				LD_RUNPATH_SEARCH_PATHS = (
					"$(inherited)",
					"@executable_path/Frameworks",
					"@executable_path/../../Frameworks",
				);
				MARKETING_VERSION = 1.0;
				PRODUCT_BUNDLE_IDENTIFIER = "cz.martykan.LemuQR.LemuQR-Widget";
				PRODUCT_NAME = "$(TARGET_NAME)";
				SDKROOT = iphoneos;
				SKIP_INSTALL = YES;
				SUPPORTS_MACCATALYST = YES;
				SWIFT_EMIT_LOC_STRINGS = YES;
				SWIFT_VERSION = 5.0;
				TARGETED_DEVICE_FAMILY = "1,2";
			};
			name = Debug;
		};
		C3C3ECEF2838230800CC14D4 /* Release */ = {
			isa = XCBuildConfiguration;
			buildSettings = {
				ASSETCATALOG_COMPILER_GLOBAL_ACCENT_COLOR_NAME = AccentColor;
				ASSETCATALOG_COMPILER_WIDGET_BACKGROUND_COLOR_NAME = WidgetBackground;
				CODE_SIGN_ENTITLEMENTS = "LemuQR Widget/LemuQR WidgetExtension.entitlements";
				CODE_SIGN_STYLE = Automatic;
				CURRENT_PROJECT_VERSION = 1;
				DEVELOPMENT_TEAM = MM87FMCT6V;
				GENERATE_INFOPLIST_FILE = YES;
				INFOPLIST_FILE = "LemuQR Widget/Info.plist";
				INFOPLIST_KEY_CFBundleDisplayName = "LemuQR Widget";
				INFOPLIST_KEY_NSHumanReadableCopyright = "";
				IPHONEOS_DEPLOYMENT_TARGET = 15.4;
				LD_RUNPATH_SEARCH_PATHS = (
					"$(inherited)",
					"@executable_path/Frameworks",
					"@executable_path/../../Frameworks",
				);
				MARKETING_VERSION = 1.0;
				PRODUCT_BUNDLE_IDENTIFIER = "cz.martykan.LemuQR.LemuQR-Widget";
				PRODUCT_NAME = "$(TARGET_NAME)";
				SDKROOT = iphoneos;
				SKIP_INSTALL = YES;
				SUPPORTS_MACCATALYST = YES;
				SWIFT_EMIT_LOC_STRINGS = YES;
				SWIFT_VERSION = 5.0;
				TARGETED_DEVICE_FAMILY = "1,2";
				VALIDATE_PRODUCT = YES;
			};
			name = Release;
		};
		C3C3ED032838280700CC14D4 /* Debug */ = {
			isa = XCBuildConfiguration;
			buildSettings = {
				CODE_SIGN_ENTITLEMENTS = "LemuQR Intents/LemuQR Intents.entitlements";
				CODE_SIGN_STYLE = Automatic;
				CURRENT_PROJECT_VERSION = 1;
				DEVELOPMENT_TEAM = MM87FMCT6V;
				GENERATE_INFOPLIST_FILE = YES;
				INFOPLIST_FILE = "LemuQR Intents/Info.plist";
				INFOPLIST_KEY_CFBundleDisplayName = "LemuQR Intents";
				INFOPLIST_KEY_NSHumanReadableCopyright = "";
				IPHONEOS_DEPLOYMENT_TARGET = 15.4;
				LD_RUNPATH_SEARCH_PATHS = (
					"$(inherited)",
					"@executable_path/Frameworks",
					"@executable_path/../../Frameworks",
				);
				MARKETING_VERSION = 1.0;
				PRODUCT_BUNDLE_IDENTIFIER = "cz.martykan.LemuQR.LemuQR-Intents";
				PRODUCT_NAME = "$(TARGET_NAME)";
				SDKROOT = iphoneos;
				SKIP_INSTALL = YES;
				SUPPORTS_MACCATALYST = YES;
				SWIFT_EMIT_LOC_STRINGS = YES;
				SWIFT_VERSION = 5.0;
				TARGETED_DEVICE_FAMILY = "1,2";
			};
			name = Debug;
		};
		C3C3ED042838280700CC14D4 /* Release */ = {
			isa = XCBuildConfiguration;
			buildSettings = {
				CODE_SIGN_ENTITLEMENTS = "LemuQR Intents/LemuQR Intents.entitlements";
				CODE_SIGN_STYLE = Automatic;
				CURRENT_PROJECT_VERSION = 1;
				DEVELOPMENT_TEAM = MM87FMCT6V;
				GENERATE_INFOPLIST_FILE = YES;
				INFOPLIST_FILE = "LemuQR Intents/Info.plist";
				INFOPLIST_KEY_CFBundleDisplayName = "LemuQR Intents";
				INFOPLIST_KEY_NSHumanReadableCopyright = "";
				IPHONEOS_DEPLOYMENT_TARGET = 15.4;
				LD_RUNPATH_SEARCH_PATHS = (
					"$(inherited)",
					"@executable_path/Frameworks",
					"@executable_path/../../Frameworks",
				);
				MARKETING_VERSION = 1.0;
				PRODUCT_BUNDLE_IDENTIFIER = "cz.martykan.LemuQR.LemuQR-Intents";
				PRODUCT_NAME = "$(TARGET_NAME)";
				SDKROOT = iphoneos;
				SKIP_INSTALL = YES;
				SUPPORTS_MACCATALYST = YES;
				SWIFT_EMIT_LOC_STRINGS = YES;
				SWIFT_VERSION = 5.0;
				TARGETED_DEVICE_FAMILY = "1,2";
				VALIDATE_PRODUCT = YES;
			};
			name = Release;
		};
/* End XCBuildConfiguration section */

/* Begin XCConfigurationList section */
		C30B663928023ACD00B5D432 /* Build configuration list for PBXProject "LemuQR" */ = {
			isa = XCConfigurationList;
			buildConfigurations = (
				C30B666828023AD100B5D432 /* Debug */,
				C30B666928023AD100B5D432 /* Release */,
			);
			defaultConfigurationIsVisible = 0;
			defaultConfigurationName = Release;
		};
		C30B666A28023AD100B5D432 /* Build configuration list for PBXNativeTarget "LemuQR WatchKit Extension" */ = {
			isa = XCConfigurationList;
			buildConfigurations = (
				C30B666B28023AD100B5D432 /* Debug */,
				C30B666C28023AD100B5D432 /* Release */,
			);
			defaultConfigurationIsVisible = 0;
			defaultConfigurationName = Release;
		};
		C30B666E28023AD100B5D432 /* Build configuration list for PBXNativeTarget "LemuQR WatchKit App" */ = {
			isa = XCConfigurationList;
			buildConfigurations = (
				C30B666F28023AD100B5D432 /* Debug */,
				C30B667028023AD100B5D432 /* Release */,
			);
			defaultConfigurationIsVisible = 0;
			defaultConfigurationName = Release;
		};
		C30B667228023AD100B5D432 /* Build configuration list for PBXNativeTarget "LemuQR" */ = {
			isa = XCConfigurationList;
			buildConfigurations = (
				C30B667328023AD100B5D432 /* Debug */,
				C30B667428023AD100B5D432 /* Release */,
			);
			defaultConfigurationIsVisible = 0;
			defaultConfigurationName = Release;
		};
		C3C3ECF02838230800CC14D4 /* Build configuration list for PBXNativeTarget "LemuQR WidgetExtension" */ = {
			isa = XCConfigurationList;
			buildConfigurations = (
				C3C3ECEE2838230800CC14D4 /* Debug */,
				C3C3ECEF2838230800CC14D4 /* Release */,
			);
			defaultConfigurationIsVisible = 0;
			defaultConfigurationName = Release;
		};
		C3C3ED022838280700CC14D4 /* Build configuration list for PBXNativeTarget "LemuQR Intents" */ = {
			isa = XCConfigurationList;
			buildConfigurations = (
				C3C3ED032838280700CC14D4 /* Debug */,
				C3C3ED042838280700CC14D4 /* Release */,
			);
			defaultConfigurationIsVisible = 0;
			defaultConfigurationName = Release;
		};
/* End XCConfigurationList section */

/* Begin XCRemoteSwiftPackageReference section */
		C3856E2928311C2000DDF435 /* XCRemoteSwiftPackageReference "RSBarcodes_Swift" */ = {
			isa = XCRemoteSwiftPackageReference;
			repositoryURL = "https://github.com/yeahdongcn/RSBarcodes_Swift";
			requirement = {
				kind = upToNextMajorVersion;
				minimumVersion = 5.0.0;
			};
		};
		C3856E3028312F1E00DDF435 /* XCRemoteSwiftPackageReference "SymbolPicker" */ = {
			isa = XCRemoteSwiftPackageReference;
			repositoryURL = "https://github.com/xnth97/SymbolPicker.git";
			requirement = {
				kind = upToNextMajorVersion;
				minimumVersion = 1.1.0;
			};
		};
		C3C3ED22283848FE00CC14D4 /* XCRemoteSwiftPackageReference "CodeScanner" */ = {
			isa = XCRemoteSwiftPackageReference;
			repositoryURL = "https://github.com/twostraws/CodeScanner";
			requirement = {
				kind = upToNextMajorVersion;
				minimumVersion = 2.0.0;
			};
		};
/* End XCRemoteSwiftPackageReference section */

/* Begin XCSwiftPackageProductDependency section */
		C3856E2A28311C2100DDF435 /* RSBarcodes_Swift */ = {
			isa = XCSwiftPackageProductDependency;
			package = C3856E2928311C2000DDF435 /* XCRemoteSwiftPackageReference "RSBarcodes_Swift" */;
			productName = RSBarcodes_Swift;
		};
		C3856E3128312F1F00DDF435 /* SymbolPicker */ = {
			isa = XCSwiftPackageProductDependency;
			package = C3856E3028312F1E00DDF435 /* XCRemoteSwiftPackageReference "SymbolPicker" */;
			productName = SymbolPicker;
		};
		C3C3ED23283848FE00CC14D4 /* CodeScanner */ = {
			isa = XCSwiftPackageProductDependency;
			package = C3C3ED22283848FE00CC14D4 /* XCRemoteSwiftPackageReference "CodeScanner" */;
			productName = CodeScanner;
		};
/* End XCSwiftPackageProductDependency section */

/* Begin XCVersionGroup section */
		C3856E132830F84800DDF435 /* DataModel.xcdatamodeld */ = {
			isa = XCVersionGroup;
			children = (
				C3856E142830F84800DDF435 /* DataModel.xcdatamodel */,
			);
			currentVersion = C3856E142830F84800DDF435 /* DataModel.xcdatamodel */;
			path = DataModel.xcdatamodeld;
			sourceTree = "<group>";
			versionGroupType = wrapper.xcdatamodel;
		};
/* End XCVersionGroup section */
	};
	rootObject = C30B663628023ACD00B5D432 /* Project object */;
}
